
Microsoft Visual Studio Solution File, Format Version 12.00
# Visual Studio Version 16
VisualStudioVersion = 16.0.32002.261
MinimumVisualStudioVersion = 10.0.40219.1
Project("{8BC9CEB8-8B4A-11D0-8D11-00A0C91BC942}") = "HookingFunction", "HookingFunction\HookingFunction.vcxproj", "{D5F3CE87-D205-4BE3-AE3D-BF5B130C62EF}"
EndProject
Global
	GlobalSection(SolutionConfigurationPlatforms) = preSolution
		Debug|x64 = Debug|x64
		Debug|x86 = Debug|x86
		Release|x64 = Release|x64
		Release|x86 = Release|x86
	EndGlobalSection
	GlobalSection(ProjectConfigurationPlatforms) = postSolution
		{D5F3CE87-D205-4BE3-AE3D-BF5B130C62EF}.Debug|x64.ActiveCfg = Debug|x64
		{D5F3CE87-D205-4BE3-AE3D-BF5B130C62EF}.Debug|x64.Build.0 = Debug|x64
		{D5F3CE87-D205-4BE3-AE3D-BF5B130C62EF}.Debug|x86.ActiveCfg = Debug|Win32
		{D5F3CE87-D205-4BE3-AE3D-BF5B130C62EF}.Debug|x86.Build.0 = Debug|Win32
		{D5F3CE87-D205-4BE3-AE3D-BF5B130C62EF}.Release|x64.ActiveCfg = Release|x64
		{D5F3CE87-D205-4BE3-AE3D-BF5B130C62EF}.Release|x64.Build.0 = Release|x64
		{D5F3CE87-D205-4BE3-AE3D-BF5B130C62EF}.Release|x86.ActiveCfg = Release|Win32
		{D5F3CE87-D205-4BE3-AE3D-BF5B130C62EF}.Release|x86.Build.0 = Release|Win32
	EndGlobalSection
	GlobalSection(SolutionProperties) = preSolution
		HideSolutionNode = FALSE
	EndGlobalSection
	GlobalSection(ExtensibilityGlobals) = postSolution
		SolutionGuid = {C009E7C9-55B2-4A47-BA75-7B9CE4EC18ED}
	EndGlobalSection
EndGlobal
